
Microsoft Visual Studio Solution File, Format Version 12.00
# Visual Studio Version 17
VisualStudioVersion = 17.0.31912.275
MinimumVisualStudioVersion = 10.0.40219.1
Project("{FAE04EC0-301F-11D3-BF4B-00C04F79EFBC}") = "Prime number", "Prime number\Prime number.csproj", "{AADAC500-BAA6-46F2-A499-33849B28C9F4}"
EndProject
Global
	GlobalSection(SolutionConfigurationPlatforms) = preSolution
		Debug|Any CPU = Debug|Any CPU
		Release|Any CPU = Release|Any CPU
	EndGlobalSection
	GlobalSection(ProjectConfigurationPlatforms) = postSolution
		{AADAC500-BAA6-46F2-A499-33849B28C9F4}.Debug|Any CPU.ActiveCfg = Debug|Any CPU
		{AADAC500-BAA6-46F2-A499-33849B28C9F4}.Debug|Any CPU.Build.0 = Debug|Any CPU
		{AADAC500-BAA6-46F2-A499-33849B28C9F4}.Release|Any CPU.ActiveCfg = Release|Any CPU
		{AADAC500-BAA6-46F2-A499-33849B28C9F4}.Release|Any CPU.Build.0 = Release|Any CPU
	EndGlobalSection
	GlobalSection(SolutionProperties) = preSolution
		HideSolutionNode = FALSE
	EndGlobalSection
	GlobalSection(ExtensibilityGlobals) = postSolution
		SolutionGuid = {5B026ADB-AA9B-418D-A152-447661C66582}
	EndGlobalSection
EndGlobal
